github.com/alexsergivan/transliterator v1.0.0 h1:SAA+fkGZKLnak47h8Dr6829IE2kpSZR2Y3yTd69cIwY=
github.com/alexsergivan/transliterator v1.0.0/go.mod h1:0IrumukulURJ4PD0z6UcdJKP2job1DYDhnHAP5y+5pE=
github.com/crediterra/money v0.2.0 h1:0DsJhRKSEP9CIc3LUnMPPcRY8JJpj8E7CWRWPdfe9cg=
github.com/crediterra/money v0.2.0/go.mod h1:X9dmXT1lI2mLyV/7V7vrMGkFy9jWJY3JmDUYKydQKkY=
github.com/crediterra/money v0.2.1/go.mod h1:0BT7dzPk4Wv+Wi8J6sxlFbCknYioLWVVQM4ciMJh6TI=
github.com/dal-go/dalgo v0.10.2 h1:kBVNpH3wRK4uP9eBwMYsL5U5QjvPX8jYcZAgJgaG2tE=
github.com/dal-go/dalgo v0.10.2/go.mod h1:741DXTLpQfmvkazyEiivX8OBFylpzS1QErdh/6WquqI=
github.com/dal-go/dalgo v0.12.0 h1:giibzqo6mIkU06b0r4uKb3ZEa2agtj1qnL8RNa6sOBM=
github.com/dal-go/dalgo v0.12.0/go.mod h1:741DXTLpQfmvkazyEiivX8OBFylpzS1QErdh/6WquqI=
github.com/dal-go/dalgo2buntdb v0.7.15 h1:FDcOrEEijAxj/v/AHgC4K2Y2qJ64X9Qp7JcbsktXYpk=
github.com/dal-go/dalgo2buntdb v0.7.15/go.mod h1:vZcZaC5X2E2rZWn+P9wFna4iEnpUVVbUCWuZw7sAPNQ=
github.com/davecgh/go-spew v1.1.0/go.mod h1:J7Y8YcW2NihsgmVo/mv3lAwl/skON4iLHjSsI+c5H38=
github.com/davecgh/go-spew v1.1.1 h1:vj9j/u1bqnvCEfJOwUhtlOARqs3+rkHYY13jYWTU97c=
github.com/davecgh/go-spew v1.1.1/go.mod h1:J7Y8YcW2NihsgmVo/mv3lAwl/skON4iLHjSsI+c5H38=
github.com/golang/mock v1.6.0 h1:ErTB+efbowRARo13NNdxyJji2egdxLGQhRaY+DUumQc=
github.com/golang/mock v1.6.0/go.mod h1:p6yTPP+5HYm5mzsMV8JkE6ZKdX+/wYM6Hr+LicevLPs=
github.com/pmezard/go-difflib v1.0.0 h1:4DBwDE0NGyQoBHbLQYPwSUPoCMWR5BEzIk/f1lZbAQM=
github.com/pmezard/go-difflib v1.0.0/go.mod h1:iKH77koFhYxTK1pcRnkKkqfTogsbg7gZNVY4sRDYZ/4=
github.com/pquerna/ffjson v0.0.0-20190930134022-aa0246cd15f7 h1:xoIK0ctDddBMnc74udxJYBqlo9Ylnsp1waqjLsnef20=
github.com/pquerna/ffjson v0.0.0-20190930134022-aa0246cd15f7/go.mod h1:YARuvh7BUWHNhzDq2OM5tzR2RiCcN2D7sapiKyCel/M=
github.com/sneat-co/sneat-go-core v0.3.0 h1:Lfanw7aHmJLKrRbRNM+5XBrwZ9JnqAecIvOImyVoYLU=
github.com/sneat-co/sneat-go-core v0.3.0/go.mod h1:EkACNhHLhzemvGQvpNB6luLJ0oN4ulBkU6jMfHaTSzU=
github.com/sneat-co/sneat-go-core v0.9.2 h1:CDyQgDNdmN8Z6qHmYgd/2X6+ksYCP81hObODXYtgx0o=
github.com/sneat-co/sneat-go-core v0.9.2/go.mod h1:8b9g6HVJdAZN7e01qraR6EwV4XvZ2+wtegc9bdBPRhY=
github.com/sneat-co/sneat-go-core v0.12.0 h1:mMM4MOhp3lEIddv4+GOAf+aH6iCOQMyX0r/3jhqJrU8=
github.com/sneat-co/sneat-go-core v0.12.0/go.mod h1:8b9g6HVJdAZN7e01qraR6EwV4XvZ2+wtegc9bdBPRhY=
github.com/sneat-co/sneat-go-core v0.12.1 h1:YTRkm4tvA2fix9om6wsTdtzc1DU8/xhFumeSGLJdogw=
github.com/sneat-co/sneat-go-core v0.12.1/go.mod h1:8b9g6HVJdAZN7e01qraR6EwV4XvZ2+wtegc9bdBPRhY=
github.com/sneat-co/sneat-go-core v0.12.2 h1:bvqTsjbGTqvfew8JUPAVWhU+cCFwV/GRH5uaEsuOB7I=
github.com/sneat-co/sneat-go-core v0.12.2/go.mod h1:8b9g6HVJdAZN7e01qraR6EwV4XvZ2+wtegc9bdBPRhY=
github.com/sneat-co/sneat-go-core v0.15.1 h1:M1LxRDcpw1lcXU7dQ5r2TeBbxXLz8HRQvpqqPKay33E=
github.com/sneat-co/sneat-go-core v0.15.1/go.mod h1:8b9g6HVJdAZN7e01qraR6EwV4XvZ2+wtegc9bdBPRhY=
github.com/sneat-co/sneat-go-core v0.16.0 h1:aCTnwSsjshGw4Dl7tQmlqOF6XMJ3V3flZM/E+VH0M4o=
github.com/sneat-co/sneat-go-core v0.16.0/go.mod h1:8b9g6HVJdAZN7e01qraR6EwV4XvZ2+wtegc9bdBPRhY=
github.com/sneat-co/sneat-go-core v0.16.1 h1:jJWiccJkicN8lXI3axWCNllLX8Lc0k88eoyQA19zve8=
github.com/sneat-co/sneat-go-core v0.16.1/go.mod h1:8b9g6HVJdAZN7e01qraR6EwV4XvZ2+wtegc9bdBPRhY=
github.com/sneat-co/sneat-go-core v0.18.0 h1:f+uZmboCUri2YVghYfhWXslmTlk7AQtymtRf2EOSVsY=
github.com/sneat-co/sneat-go-core v0.18.0/go.mod h1:3lI22kWFlTBZsuFJZX2yKMKmBUSRSUnwTcE+4QRgIjw=
github.com/stretchr/objx v0.1.0/go.mod h1:HFkY916IF+rwdDfMAkV7OtwuqBVzrE8GR6GFx+wExME=
github.com/stretchr/testify v1.5.1/go.mod h1:5W2xD1RspED5o8YsWQXVCued0rvSQ+mT+I5cxcmMvtA=
github.com/stretchr/testify v1.8.4 h1:CcVxjf3Q8PM0mHUKJCdn+eZZtm5yQwehR5yeSVQQcUk=
github.com/stretchr/testify v1.8.4/go.mod h1:sz/lmYIOXD/1dqDmKjjqLyZ2RngseejIcXlSw2iwfAo=
github.com/strongo/decimal v0.0.1 h1:DQwMkKatXuoh9WhQvOTr3c2cIbprdbR8Yl0MA1mme6Y=
github.com/strongo/decimal v0.0.1/go.mod h1:uKFgetJbR2uT026stdbK54ELXTH9h0vZOPPOp7DAODk=
github.com/strongo/random v0.0.1 h1:OZHJBb/3uEa7OX8L2Dv2pLnSeewRmXMyTACoeto6O8I=
github.com/strongo/random v0.0.1/go.mod h1:/pSI+SjBNLBkjljNtVdYr6ERddA+LqSa87o0/s+9iuU=
github.com/strongo/slice v0.1.4 h1:2v8NLcC5MnJ+xNGN6zMaazM9I/lIdbQ8imhiBNSPn7g=
github.com/strongo/slice v0.1.4/go.mod h1:BU7lwUgp3k4EXTc0zLW2SsPiWeGkDoF3ybu6nlVjFLY=
github.com/strongo/validation v0.0.5 h1:O+eJM06v+rR+ZUua7kBi1JCK4a7JXMlkS7pmXkhxFJc=
github.com/strongo/validation v0.0.5/go.mod h1:euQ9ywYwBASSnCLSYOx8JW0u4/71yfbeZhBQJv93dZg=
github.com/strongo/validation v0.0.6 h1:RskXD45ILagVW3jmuKUiq7WshE4kmoQEiUbgfigqHzw=
github.com/strongo/validation v0.0.6/go.mod h1:V4Nu8b8CPsLNwYLKmMHN2ghkoabOpiOW8NNcUczuCWE=
github.com/tidwall/assert v0.1.0 h1:aWcKyRBUAdLoVebxo95N7+YZVTFF/ASTr7BN4sLP6XI=
github.com/tidwall/btree v1.6.0 h1:LDZfKfQIBHGHWSwckhXI0RPSXzlo+KYdjK7FWSqOzzg=
github.com/tidwall/btree v1.6.0/go.mod h1:twD9XRA5jj9VUQGELzDO4HPQTNJsoWWfYEL+EUQ2cKY=
github.com/tidwall/buntdb v1.3.0 h1:gdhWO+/YwoB2qZMeAU9JcWWsHSYU3OvcieYgFRS0zwA=
github.com/tidwall/buntdb v1.3.0/go.mod h1:lZZrZUWzlyDJKlLQ6DKAy53LnG7m5kHyrEHvvcDmBpU=
github.com/tidwall/gjson v1.12.1/go.mod h1:/wbyibRr2FHMks5tjHJ5F8dMZh3AcwJEMf5vlfC0lxk=
github.com/tidwall/gjson v1.14.4 h1:uo0p8EbA09J7RQaflQ1aBRffTR7xedD2bcIVSYxLnkM=
github.com/tidwall/gjson v1.14.4/go.mod h1:/wbyibRr2FHMks5tjHJ5F8dMZh3AcwJEMf5vlfC0lxk=
github.com/tidwall/grect v0.1.4 h1:dA3oIgNgWdSspFzn1kS4S/RDpZFLrIxAZOdJKjYapOg=
github.com/tidwall/grect v0.1.4/go.mod h1:9FBsaYRaR0Tcy4UwefBX/UDcDcDy9V5jUcxHzv2jd5Q=
github.com/tidwall/lotsa v1.0.2 h1:dNVBH5MErdaQ/xd9s769R31/n2dXavsQ0Yf4TMEHHw8=
github.com/tidwall/match v1.1.1 h1:+Ho715JplO36QYgwN9PGYNhgZvoUSc9X2c80KVTi+GA=
github.com/tidwall/match v1.1.1/go.mod h1:eRSPERbgtNPcGhD8UCthc6PmLEQXEWd3PRB5JTxsfmM=
github.com/tidwall/pretty v1.2.0/go.mod h1:ITEVvHYasfjBbM0u2Pg8T2nJnzm8xPwvNhhsoaGGjNU=
github.com/tidwall/pretty v1.2.1 h1:qjsOFOWWQl+N3RsoF5/ssm1pHmJJwhjlSbZ51I6wMl4=
github.com/tidwall/pretty v1.2.1/go.mod h1:ITEVvHYasfjBbM0u2Pg8T2nJnzm8xPwvNhhsoaGGjNU=
github.com/tidwall/rtred v0.1.2 h1:exmoQtOLvDoO8ud++6LwVsAMTu0KPzLTUrMln8u1yu8=
github.com/tidwall/rtred v0.1.2/go.mod h1:hd69WNXQ5RP9vHd7dqekAz+RIdtfBogmglkZSRxCHFQ=
github.com/tidwall/tinyqueue v0.1.1 h1:SpNEvEggbpyN5DIReaJ2/1ndroY8iyEGxPYxoSaymYE=
github.com/tidwall/tinyqueue v0.1.1/go.mod h1:O/QNHwrnjqr6IHItYrzoHAKYhBkLI67Q096fQP5zMYw=
github.com/yuin/goldmark v1.3.5/go.mod h1:mwnBkeHKe2W/ZEtQ+71ViKU8L12m81fl3OWwC1Zlc8k=
golang.org/x/crypto v0.0.0-20190308221718-c2843e01d9a2/go.mod h1:djNgcEr1/C05ACkg1iLfiJU5Ep61QUkGW8qpdssI0+w=
golang.org/x/crypto v0.0.0-20191011191535-87dc89f01550/go.mod h1:yigFU9vqHzYiE8UmvKecakEJjdnWj3jj499lnFckfCI=
golang.org/x/mod v0.4.2/go.mod h1:s0Qsj1ACt9ePp/hMypM3fl4fZqREWJwdYDEqhRiZZUA=
golang.org/x/net v0.0.0-20190404232315-eb5bcb51f2a3/go.mod h1:t9HGtf8HONx5eT2rtn7q6eTqICYqUVnKs3thJo3Qplg=
golang.org/x/net v0.0.0-20190620200207-3b0461eec859/go.mod h1:z5CRVTTTmAJ677TzLLGU+0bjPO0LkuOLi4/5GtJWs/s=
golang.org/x/net v0.0.0-20210405180319-a5a99cb37ef4/go.mod h1:p54w0d4576C0XHj96bSt6lcn1PtDYWL6XObtHCRCNQM=
golang.org/x/sync v0.0.0-20190423024810-112230192c58/go.mod h1:RxMgew5VJxzue5/jJTE5uejpjVlOe/izrB70Jof72aM=
golang.org/x/sync v0.0.0-20210220032951-036812b2e83c/go.mod h1:RxMgew5VJxzue5/jJTE5uejpjVlOe/izrB70Jof72aM=
golang.org/x/sys v0.0.0-20190215142949-d0b11bdaac8a/go.mod h1:STP8DvDyc/dI5b8T5hshtkjS+E42TnysNCUPdjciGhY=
golang.org/x/sys v0.0.0-20190412213103-97732733099d/go.mod h1:h1NjWce9XRLGQEsW7wpKNCjG9DtNlClVuFLEZdDNbEs=
golang.org/x/sys v0.0.0-20201119102817-f84b799fce68/go.mod h1:h1NjWce9XRLGQEsW7wpKNCjG9DtNlClVuFLEZdDNbEs=
golang.org/x/sys v0.0.0-20210330210617-4fbd30eecc44/go.mod h1:h1NjWce9XRLGQEsW7wpKNCjG9DtNlClVuFLEZdDNbEs=
golang.org/x/sys v0.0.0-20210510120138-977fb7262007/go.mod h1:oPkhp1MJrh7nUepCBck5+mAzfO9JrbApNNgaTdGDITg=
golang.org/x/term v0.0.0-20201126162022-7de9c90e9dd1/go.mod h1:bj7SfCRtBDWHUb9snDiAeCFNEtKQo2Wmx5Cou7ajbmo=
golang.org/x/text v0.3.0/go.mod h1:NqM8EUOU14njkJ3fqMW+pc6Ldnwhi/IjpwHt7yyuwOQ=
golang.org/x/text v0.3.3/go.mod h1:5Zoc/QRtKVWzQhOtBMvqHzDpF6irO9z98xDceosuGiQ=
golang.org/x/tools v0.0.0-20180917221912-90fa682c2a6e/go.mod h1:n7NCudcB/nEzxVGmLbDWY5pfWTLqBcC2KZ6jyYvM4mQ=
golang.org/x/tools v0.0.0-20191119224855-298f0cb1881e/go.mod h1:b+2E5dAYhXwXZwtnZ6UAqBI28+e2cm9otk0dWdXHAEo=
golang.org/x/tools v0.1.1/go.mod h1:o0xws9oXOQQZyjljx8fwUC0k7L1pTE6eaCbjGeHmOkk=
golang.org/x/xerrors v0.0.0-20190717185122-a985d3407aa7/go.mod h1:I/5z698sn9Ka8TeJc9MKroUUfqBBauWjQqLJ2OPfmY0=
golang.org/x/xerrors v0.0.0-20191011141410-1b5146add898/go.mod h1:I/5z698sn9Ka8TeJc9MKroUUfqBBauWjQqLJ2OPfmY0=
golang.org/x/xerrors v0.0.0-20200804184101-5ec99f83aff1/go.mod h1:I/5z698sn9Ka8TeJc9MKroUUfqBBauWjQqLJ2OPfmY0=
gopkg.in/check.v1 v0.0.0-20161208181325-20d25e280405 h1:yhCVgyC4o1eVCa2tZl7eS0r+SDo693bJlVdllGtEeKM=
gopkg.in/check.v1 v0.0.0-20161208181325-20d25e280405/go.mod h1:Co6ibVJAznAaIkqp8huTwlJQCZ016jof/cbN4VW5Yz0=
gopkg.in/yaml.v2 v2.2.2/go.mod h1:hI93XBmqTisBFMUTm0b8Fm+jr3Dg1NNxqwp+5A1VGuI=
gopkg.in/yaml.v3 v3.0.1 h1:fxVm/GzAzEWqLHuvctI91KS9hhNmmWOoWu0XTYJS7CA=
gopkg.in/yaml.v3 v3.0.1/go.mod h1:K4uyk7z7BCEPqu6E+C64Yfv1cQ7kz7rIZviUmN+EgEM=
