github.com/dal-go/dalgo v0.14.0 h1:XhEmNfbCtV5ISxzFBE/Bk7W8OpWePYRmlvlJ/8Jk+dQ=
github.com/dal-go/dalgo v0.14.0/go.mod h1:tErF10bqQiNrwJQ5qwL3kwoaUa6dDq4z3X3pdChr3Ms=
github.com/dal-go/dalgo v0.14.1 h1:AMSPsFjFH4iZ1JegHdBeouzpZ4frsLnsHxBSaV+8Wgs=
github.com/dal-go/dalgo v0.14.1/go.mod h1:BoMNGwDE9FdjynV7xCn5f/GdVJxvfePwjsMldn+BhqA=
github.com/davecgh/go-spew v1.1.1 h1:vj9j/u1bqnvCEfJOwUhtlOARqs3+rkHYY13jYWTU97c=
github.com/davecgh/go-spew v1.1.1/go.mod h1:J7Y8YcW2NihsgmVo/mv3lAwl/skON4iLHjSsI+c5H38=
github.com/pmezard/go-difflib v1.0.0 h1:4DBwDE0NGyQoBHbLQYPwSUPoCMWR5BEzIk/f1lZbAQM=
github.com/pmezard/go-difflib v1.0.0/go.mod h1:iKH77koFhYxTK1pcRnkKkqfTogsbg7gZNVY4sRDYZ/4=
github.com/sneat-co/sneat-go-core v0.37.1 h1:2jtBpP1x4/Q3KjPobbACmiXbjykYs+zGakd06sdjU3U=
github.com/sneat-co/sneat-go-core v0.37.1/go.mod h1:bc53byrXRGzIEueAVVEmwhNMiS4uwBe/Uh4pESB1ABI=
github.com/sneat-co/sneat-go-core v0.37.2 h1:U+oCjqMlyzh8J++ytN/q6gSIYvgmJhMJGg2AR6Qmwek=
github.com/sneat-co/sneat-go-core v0.37.2/go.mod h1:DfF3OeaHDpDL+R77jIzzoKpixA0dOibAC+RlH/VOS8Y=
github.com/sneat-co/sneat-go-core v0.37.3 h1:4q4vL9ityDND75bTDlVVtaxErjHLezzRleK+CMkHEwY=
github.com/sneat-co/sneat-go-core v0.37.3/go.mod h1:CRVpf0NgtUzA9B/8jBokgiwwx9r4XplU5Q/kN3HayO4=
github.com/sneat-co/sneat-go-core v0.37.4 h1:DihMq1MtBUQ23gvO21dNmWzYVo/ygoNxXGbtF3ed7Tw=
github.com/sneat-co/sneat-go-core v0.37.4/go.mod h1:e3fJ3mVQv9jBnn3+rUR5vc1TNLbsWMmRDhCOcbl9Yts=
github.com/stretchr/testify v1.9.0 h1:HtqpIVDClZ4nwg75+f6Lvsy/wHu+3BoSGCbBAcpTsTg=
github.com/stretchr/testify v1.9.0/go.mod h1:r2ic/lqez/lEtzL7wO/rwa5dbSLXVDPFyf8C91i36aY=
github.com/stretchr/testify v1.10.0 h1:Xv5erBjTwe/5IxqUQTdXv5kgmIvbHo3QQyRwhJsOfJA=
github.com/stretchr/testify v1.10.0/go.mod h1:r2ic/lqez/lEtzL7wO/rwa5dbSLXVDPFyf8C91i36aY=
github.com/strongo/delaying v0.0.1 h1:avN7p5oKcowaDeEbGJLB4QHgttK6y9OtGwFN0UkEDi8=
github.com/strongo/delaying v0.0.1/go.mod h1:nQ3n4876SKTIR0FUrig6huZgI/mWHAOeGMVHkGs76tk=
github.com/strongo/delaying v0.1.0 h1:w4dpqwrwOxP5YlTJeZmzzIrIUM9rVXiPNv53opL0AaE=
github.com/strongo/delaying v0.1.0/go.mod h1:6PnWp2IL3UDo7tQyFVIOxBiIiHSj0eVZ6VfrleGNjzA=
github.com/strongo/random v0.0.1 h1:OZHJBb/3uEa7OX8L2Dv2pLnSeewRmXMyTACoeto6O8I=
github.com/strongo/random v0.0.1/go.mod h1:/pSI+SjBNLBkjljNtVdYr6ERddA+LqSa87o0/s+9iuU=
github.com/strongo/validation v0.0.7 h1:gs6YkwPsYtVsepQaQOB+ZF+T0Gu5+nk4ZMND8F85e+U=
github.com/strongo/validation v0.0.7/go.mod h1:YUwoPEItLJd/Bc9X1OCUm03ofhvm3kwZvuihU7/jz58=
gopkg.in/check.v1 v0.0.0-20161208181325-20d25e280405 h1:yhCVgyC4o1eVCa2tZl7eS0r+SDo693bJlVdllGtEeKM=
gopkg.in/check.v1 v0.0.0-20161208181325-20d25e280405/go.mod h1:Co6ibVJAznAaIkqp8huTwlJQCZ016jof/cbN4VW5Yz0=
gopkg.in/yaml.v3 v3.0.1 h1:fxVm/GzAzEWqLHuvctI91KS9hhNmmWOoWu0XTYJS7CA=
gopkg.in/yaml.v3 v3.0.1/go.mod h1:K4uyk7z7BCEPqu6E+C64Yfv1cQ7kz7rIZviUmN+EgEM=
